
Microsoft Visual Studio Solution File, Format Version 12.00
# Visual Studio 2012
Project("{FAE04EC0-301F-11D3-BF4B-00C04F79EFBC}") = "Necrolyte", "Necrolyte\Necrolyte.csproj", "{E362B06D-EB3A-4DDA-BF3A-28C4A9A95706}"
EndProject
Project("{FAE04EC0-301F-11D3-BF4B-00C04F79EFBC}") = "Necrolyte.Tests", "Necrolyte.Tests\Necrolyte.Tests.csproj", "{EBD6951E-50FB-4729-9B52-0923553A9787}"
EndProject
Global
	GlobalSection(SolutionConfigurationPlatforms) = preSolution
		Debug|Any CPU = Debug|Any CPU
		Release|Any CPU = Release|Any CPU
	EndGlobalSection
	GlobalSection(ProjectConfigurationPlatforms) = postSolution
		{E362B06D-EB3A-4DDA-BF3A-28C4A9A95706}.Debug|Any CPU.ActiveCfg = Debug|Any CPU
		{E362B06D-EB3A-4DDA-BF3A-28C4A9A95706}.Debug|Any CPU.Build.0 = Debug|Any CPU
		{E362B06D-EB3A-4DDA-BF3A-28C4A9A95706}.Release|Any CPU.ActiveCfg = Release|Any CPU
		{E362B06D-EB3A-4DDA-BF3A-28C4A9A95706}.Release|Any CPU.Build.0 = Release|Any CPU
		{EBD6951E-50FB-4729-9B52-0923553A9787}.Debug|Any CPU.ActiveCfg = Debug|Any CPU
		{EBD6951E-50FB-4729-9B52-0923553A9787}.Debug|Any CPU.Build.0 = Debug|Any CPU
		{EBD6951E-50FB-4729-9B52-0923553A9787}.Release|Any CPU.ActiveCfg = Release|Any CPU
		{EBD6951E-50FB-4729-9B52-0923553A9787}.Release|Any CPU.Build.0 = Release|Any CPU
	EndGlobalSection
	GlobalSection(SolutionProperties) = preSolution
		HideSolutionNode = FALSE
	EndGlobalSection
EndGlobal
